github.com/Konstantin8105/compare v0.0.0-20231104201143-5ebae12605c4 h1:KhVzXcWPjsPmQ2+NiXgSHNTyH4h2z+5n5IAayRvlVL8=
github.com/Konstantin8105/compare v0.0.0-20231104201143-5ebae12605c4/go.mod h1:fUpun9N0uSc9BUqjkF1m5yWEliJK6eijIf3n5+zZDIw=
github.com/olegfedoseev/image-diff v0.0.0-20171116094004-897a4e73dfd6 h1:a/kynVgbdXJQDq3WWTgwL0bHyg4hu4/oIK9UB+Ugvfo=
github.com/olegfedoseev/image-diff v0.0.0-20171116094004-897a4e73dfd6/go.mod h1:OgMVaRcJ1TgmPHB/MF2YaHOzRxmw6vVG/DquoMhkCiY=
